// !$*UTF8*$!
{
	archiveVersion = 1;
	classes = {
	};
	objectVersion = 55;
	objects = {

/* Begin PBXBuildFile section */
		6D20271027CAAE8B0092010B /* FruitDetailView.swift in Sources */ = {isa = PBXBuildFile; fileRef = 6D20270F27CAAE8B0092010B /* FruitDetailView.swift */; };
		6D20271227CAB3280092010B /* FruitHeaderView.swift in Sources */ = {isa = PBXBuildFile; fileRef = 6D20271127CAB3280092010B /* FruitHeaderView.swift */; };
		6D20271427CAB68E0092010B /* SourceLinkView.swift in Sources */ = {isa = PBXBuildFile; fileRef = 6D20271327CAB68E0092010B /* SourceLinkView.swift */; };
		6D20271627CAB8FA0092010B /* FruitNutrientsView.swift in Sources */ = {isa = PBXBuildFile; fileRef = 6D20271527CAB8FA0092010B /* FruitNutrientsView.swift */; };
		6D20271827CABE180092010B /* SettingView.swift in Sources */ = {isa = PBXBuildFile; fileRef = 6D20271727CABE180092010B /* SettingView.swift */; };
		6D20271A27CAC5F30092010B /* SettingLabelView.swift in Sources */ = {isa = PBXBuildFile; fileRef = 6D20271927CAC5F30092010B /* SettingLabelView.swift */; };
		6D20271C27CACAAD0092010B /* SettingsRowView.swift in Sources */ = {isa = PBXBuildFile; fileRef = 6D20271B27CACAAD0092010B /* SettingsRowView.swift */; };
		6DDD6DA727CA7BFB0049EEAF /* FructusApp.swift in Sources */ = {isa = PBXBuildFile; fileRef = 6DDD6DA627CA7BFB0049EEAF /* FructusApp.swift */; };
		6DDD6DA927CA7BFB0049EEAF /* ContentView.swift in Sources */ = {isa = PBXBuildFile; fileRef = 6DDD6DA827CA7BFB0049EEAF /* ContentView.swift */; };
		6DDD6DAB27CA7BFF0049EEAF /* Assets.xcassets in Resources */ = {isa = PBXBuildFile; fileRef = 6DDD6DAA27CA7BFF0049EEAF /* Assets.xcassets */; };
		6DDD6DAE27CA7BFF0049EEAF /* Preview Assets.xcassets in Resources */ = {isa = PBXBuildFile; fileRef = 6DDD6DAD27CA7BFF0049EEAF /* Preview Assets.xcassets */; };
		6DDD6DB727CA802B0049EEAF /* FruitCardView.swift in Sources */ = {isa = PBXBuildFile; fileRef = 6DDD6DB627CA802B0049EEAF /* FruitCardView.swift */; };
		6DDD6DB927CA85530049EEAF /* StartButtonView.swift in Sources */ = {isa = PBXBuildFile; fileRef = 6DDD6DB827CA85530049EEAF /* StartButtonView.swift */; };
		6DDD6DBB27CA88740049EEAF /* OnboardingView.swift in Sources */ = {isa = PBXBuildFile; fileRef = 6DDD6DBA27CA88740049EEAF /* OnboardingView.swift */; };
		6DDD6DBE27CA8A970049EEAF /* FruitModel.swift in Sources */ = {isa = PBXBuildFile; fileRef = 6DDD6DBD27CA8A970049EEAF /* FruitModel.swift */; };
		6DDD6DC127CA8BAB0049EEAF /* FruitData.swift in Sources */ = {isa = PBXBuildFile; fileRef = 6DDD6DC027CA8BAB0049EEAF /* FruitData.swift */; };
		6DDD6DC327CAA7D20049EEAF /* FruitRowView.swift in Sources */ = {isa = PBXBuildFile; fileRef = 6DDD6DC227CAA7D10049EEAF /* FruitRowView.swift */; };
/* End PBXBuildFile section */

/* Begin PBXFileReference section */
		6D20270F27CAAE8B0092010B /* FruitDetailView.swift */ = {isa = PBXFileReference; lastKnownFileType = sourcecode.swift; path = FruitDetailView.swift; sourceTree = "<group>"; };
		6D20271127CAB3280092010B /* FruitHeaderView.swift */ = {isa = PBXFileReference; lastKnownFileType = sourcecode.swift; path = FruitHeaderView.swift; sourceTree = "<group>"; };
		6D20271327CAB68E0092010B /* SourceLinkView.swift */ = {isa = PBXFileReference; lastKnownFileType = sourcecode.swift; path = SourceLinkView.swift; sourceTree = "<group>"; };
		6D20271527CAB8FA0092010B /* FruitNutrientsView.swift */ = {isa = PBXFileReference; lastKnownFileType = sourcecode.swift; path = FruitNutrientsView.swift; sourceTree = "<group>"; };
		6D20271727CABE180092010B /* SettingView.swift */ = {isa = PBXFileReference; lastKnownFileType = sourcecode.swift; path = SettingView.swift; sourceTree = "<group>"; };
		6D20271927CAC5F30092010B /* SettingLabelView.swift */ = {isa = PBXFileReference; lastKnownFileType = sourcecode.swift; path = SettingLabelView.swift; sourceTree = "<group>"; };
		6D20271B27CACAAD0092010B /* SettingsRowView.swift */ = {isa = PBXFileReference; lastKnownFileType = sourcecode.swift; name = SettingsRowView.swift; path = Fructus/App/SettingsRowView.swift; sourceTree = SOURCE_ROOT; };
		6DDD6DA327CA7BFB0049EEAF /* Fructus.app */ = {isa = PBXFileReference; explicitFileType = wrapper.application; includeInIndex = 0; path = Fructus.app; sourceTree = BUILT_PRODUCTS_DIR; };
		6DDD6DA627CA7BFB0049EEAF /* FructusApp.swift */ = {isa = PBXFileReference; lastKnownFileType = sourcecode.swift; path = FructusApp.swift; sourceTree = "<group>"; };
		6DDD6DA827CA7BFB0049EEAF /* ContentView.swift */ = {isa = PBXFileReference; lastKnownFileType = sourcecode.swift; path = ContentView.swift; sourceTree = "<group>"; };
		6DDD6DAA27CA7BFF0049EEAF /* Assets.xcassets */ = {isa = PBXFileReference; lastKnownFileType = folder.assetcatalog; path = Assets.xcassets; sourceTree = "<group>"; };
		6DDD6DAD27CA7BFF0049EEAF /* Preview Assets.xcassets */ = {isa = PBXFileReference; lastKnownFileType = folder.assetcatalog; path = "Preview Assets.xcassets"; sourceTree = "<group>"; };
		6DDD6DB627CA802B0049EEAF /* FruitCardView.swift */ = {isa = PBXFileReference; lastKnownFileType = sourcecode.swift; path = FruitCardView.swift; sourceTree = "<group>"; };
		6DDD6DB827CA85530049EEAF /* StartButtonView.swift */ = {isa = PBXFileReference; lastKnownFileType = sourcecode.swift; path = StartButtonView.swift; sourceTree = "<group>"; };
		6DDD6DBA27CA88740049EEAF /* OnboardingView.swift */ = {isa = PBXFileReference; lastKnownFileType = sourcecode.swift; path = OnboardingView.swift; sourceTree = "<group>"; };
		6DDD6DBD27CA8A970049EEAF /* FruitModel.swift */ = {isa = PBXFileReference; lastKnownFileType = sourcecode.swift; path = FruitModel.swift; sourceTree = "<group>"; };
		6DDD6DC027CA8BAB0049EEAF /* FruitData.swift */ = {isa = PBXFileReference; lastKnownFileType = sourcecode.swift; path = FruitData.swift; sourceTree = "<group>"; };
		6DDD6DC227CAA7D10049EEAF /* FruitRowView.swift */ = {isa = PBXFileReference; lastKnownFileType = sourcecode.swift; path = FruitRowView.swift; sourceTree = "<group>"; };
/* End PBXFileReference section */

/* Begin PBXFrameworksBuildPhase section */
		6DDD6DA027CA7BFB0049EEAF /* Frameworks */ = {
			isa = PBXFrameworksBuildPhase;
			buildActionMask = 2147483647;
			files = (
			);
			runOnlyForDeploymentPostprocessing = 0;
		};
/* End PBXFrameworksBuildPhase section */

/* Begin PBXGroup section */
		6DDD6D9A27CA7BFB0049EEAF = {
			isa = PBXGroup;
			children = (
				6DDD6DA527CA7BFB0049EEAF /* Fructus */,
				6DDD6DA427CA7BFB0049EEAF /* Products */,
			);
			sourceTree = "<group>";
		};
		6DDD6DA427CA7BFB0049EEAF /* Products */ = {
			isa = PBXGroup;
			children = (
				6DDD6DA327CA7BFB0049EEAF /* Fructus.app */,
			);
			name = Products;
			sourceTree = "<group>";
		};
		6DDD6DA527CA7BFB0049EEAF /* Fructus */ = {
			isa = PBXGroup;
			children = (
				6DDD6DBF27CA8B970049EEAF /* Data */,
				6DDD6DBC27CA8A7F0049EEAF /* Model */,
				6DDD6DB527CA80000049EEAF /* View */,
				6DDD6DB427CA7FCC0049EEAF /* App */,
				6DDD6DAA27CA7BFF0049EEAF /* Assets.xcassets */,
				6DDD6DAC27CA7BFF0049EEAF /* Preview Content */,
			);
			path = Fructus;
			sourceTree = "<group>";
		};
		6DDD6DAC27CA7BFF0049EEAF /* Preview Content */ = {
			isa = PBXGroup;
			children = (
				6DDD6DAD27CA7BFF0049EEAF /* Preview Assets.xcassets */,
			);
			path = "Preview Content";
			sourceTree = "<group>";
		};
		6DDD6DB427CA7FCC0049EEAF /* App */ = {
			isa = PBXGroup;
			children = (
				6DDD6DA627CA7BFB0049EEAF /* FructusApp.swift */,
				6DDD6DA827CA7BFB0049EEAF /* ContentView.swift */,
				6DDD6DBA27CA88740049EEAF /* OnboardingView.swift */,
				6D20270F27CAAE8B0092010B /* FruitDetailView.swift */,
				6D20271727CABE180092010B /* SettingView.swift */,
			);
			path = App;
			sourceTree = "<group>";
		};
		6DDD6DB527CA80000049EEAF /* View */ = {
			isa = PBXGroup;
			children = (
				6D20271B27CACAAD0092010B /* SettingsRowView.swift */,
				6DDD6DB627CA802B0049EEAF /* FruitCardView.swift */,
				6DDD6DB827CA85530049EEAF /* StartButtonView.swift */,
				6DDD6DC227CAA7D10049EEAF /* FruitRowView.swift */,
				6D20271127CAB3280092010B /* FruitHeaderView.swift */,
				6D20271327CAB68E0092010B /* SourceLinkView.swift */,
				6D20271527CAB8FA0092010B /* FruitNutrientsView.swift */,
				6D20271927CAC5F30092010B /* SettingLabelView.swift */,
			);
			path = View;
			sourceTree = "<group>";
		};
		6DDD6DBC27CA8A7F0049EEAF /* Model */ = {
			isa = PBXGroup;
			children = (
				6DDD6DBD27CA8A970049EEAF /* FruitModel.swift */,
			);
			path = Model;
			sourceTree = "<group>";
		};
		6DDD6DBF27CA8B970049EEAF /* Data */ = {
			isa = PBXGroup;
			children = (
				6DDD6DC027CA8BAB0049EEAF /* FruitData.swift */,
			);
			path = Data;
			sourceTree = "<group>";
		};
/* End PBXGroup section */

/* Begin PBXNativeTarget section */
		6DDD6DA227CA7BFB0049EEAF /* Fructus */ = {
			isa = PBXNativeTarget;
			buildConfigurationList = 6DDD6DB127CA7BFF0049EEAF /* Build configuration list for PBXNativeTarget "Fructus" */;
			buildPhases = (
				6DDD6D9F27CA7BFB0049EEAF /* Sources */,
				6DDD6DA027CA7BFB0049EEAF /* Frameworks */,
				6DDD6DA127CA7BFB0049EEAF /* Resources */,
			);
			buildRules = (
			);
			dependencies = (
			);
			name = Fructus;
			productName = Fructus;
			productReference = 6DDD6DA327CA7BFB0049EEAF /* Fructus.app */;
			productType = "com.apple.product-type.application";
		};
/* End PBXNativeTarget section */

/* Begin PBXProject section */
		6DDD6D9B27CA7BFB0049EEAF /* Project object */ = {
			isa = PBXProject;
			attributes = {
				BuildIndependentTargetsInParallel = 1;
				LastSwiftUpdateCheck = 1320;
				LastUpgradeCheck = 1320;
				ORGANIZATIONNAME = "The Coding Mermaid";
				TargetAttributes = {
					6DDD6DA227CA7BFB0049EEAF = {
						CreatedOnToolsVersion = 13.2.1;
					};
				};
			};
			buildConfigurationList = 6DDD6D9E27CA7BFB0049EEAF /* Build configuration list for PBXProject "Fructus" */;
			compatibilityVersion = "Xcode 13.0";
			developmentRegion = en;
			hasScannedForEncodings = 0;
			knownRegions = (
				en,
				Base,
			);
			mainGroup = 6DDD6D9A27CA7BFB0049EEAF;
			productRefGroup = 6DDD6DA427CA7BFB0049EEAF /* Products */;
			projectDirPath = "";
			projectRoot = "";
			targets = (
				6DDD6DA227CA7BFB0049EEAF /* Fructus */,
			);
		};
/* End PBXProject section */

/* Begin PBXResourcesBuildPhase section */
		6DDD6DA127CA7BFB0049EEAF /* Resources */ = {
			isa = PBXResourcesBuildPhase;
			buildActionMask = 2147483647;
			files = (
				6DDD6DAE27CA7BFF0049EEAF /* Preview Assets.xcassets in Resources */,
				6DDD6DAB27CA7BFF0049EEAF /* Assets.xcassets in Resources */,
			);
			runOnlyForDeploymentPostprocessing = 0;
		};
/* End PBXResourcesBuildPhase section */

/* Begin PBXSourcesBuildPhase section */
		6DDD6D9F27CA7BFB0049EEAF /* Sources */ = {
			isa = PBXSourcesBuildPhase;
			buildActionMask = 2147483647;
			files = (
				6DDD6DC127CA8BAB0049EEAF /* FruitData.swift in Sources */,
				6D20271427CAB68E0092010B /* SourceLinkView.swift in Sources */,
				6D20271C27CACAAD0092010B /* SettingsRowView.swift in Sources */,
				6DDD6DB727CA802B0049EEAF /* FruitCardView.swift in Sources */,
				6DDD6DC327CAA7D20049EEAF /* FruitRowView.swift in Sources */,
				6D20271627CAB8FA0092010B /* FruitNutrientsView.swift in Sources */,
				6DDD6DB927CA85530049EEAF /* StartButtonView.swift in Sources */,
				6D20271027CAAE8B0092010B /* FruitDetailView.swift in Sources */,
				6DDD6DA927CA7BFB0049EEAF /* ContentView.swift in Sources */,
				6D20271827CABE180092010B /* SettingView.swift in Sources */,
				6D20271A27CAC5F30092010B /* SettingLabelView.swift in Sources */,
				6D20271227CAB3280092010B /* FruitHeaderView.swift in Sources */,
				6DDD6DBB27CA88740049EEAF /* OnboardingView.swift in Sources */,
				6DDD6DBE27CA8A970049EEAF /* FruitModel.swift in Sources */,
				6DDD6DA727CA7BFB0049EEAF /* FructusApp.swift in Sources */,
			);
			runOnlyForDeploymentPostprocessing = 0;
		};
/* End PBXSourcesBuildPhase section */

/* Begin XCBuildConfiguration section */
		6DDD6DAF27CA7BFF0049EEAF /* Debug */ = {
			isa = XCBuildConfiguration;
			buildSettings = {
				ALWAYS_SEARCH_USER_PATHS = NO;
				CLANG_ANALYZER_NONNULL = YES;
				CLANG_ANALYZER_NUMBER_OBJECT_CONVERSION = YES_AGGRESSIVE;
				CLANG_CXX_LANGUAGE_STANDARD = "gnu++17";
				CLANG_CXX_LIBRARY = "libc++";
				CLANG_ENABLE_MODULES = YES;
				CLANG_ENABLE_OBJC_ARC = YES;
				CLANG_ENABLE_OBJC_WEAK = YES;
				CLANG_WARN_BLOCK_CAPTURE_AUTORELEASING = YES;
				CLANG_WARN_BOOL_CONVERSION = YES;
				CLANG_WARN_COMMA = YES;
				CLANG_WARN_CONSTANT_CONVERSION = YES;
				CLANG_WARN_DEPRECATED_OBJC_IMPLEMENTATIONS = YES;
				CLANG_WARN_DIRECT_OBJC_ISA_USAGE = YES_ERROR;
				CLANG_WARN_DOCUMENTATION_COMMENTS = YES;
				CLANG_WARN_EMPTY_BODY = YES;
				CLANG_WARN_ENUM_CONVERSION = YES;
				CLANG_WARN_INFINITE_RECURSION = YES;
				CLANG_WARN_INT_CONVERSION = YES;
				CLANG_WARN_NON_LITERAL_NULL_CONVERSION = YES;
				CLANG_WARN_OBJC_IMPLICIT_RETAIN_SELF = YES;
				CLANG_WARN_OBJC_LITERAL_CONVERSION = YES;
				CLANG_WARN_OBJC_ROOT_CLASS = YES_ERROR;
				CLANG_WARN_QUOTED_INCLUDE_IN_FRAMEWORK_HEADER = YES;
				CLANG_WARN_RANGE_LOOP_ANALYSIS = YES;
				CLANG_WARN_STRICT_PROTOTYPES = YES;
				CLANG_WARN_SUSPICIOUS_MOVE = YES;
				CLANG_WARN_UNGUARDED_AVAILABILITY = YES_AGGRESSIVE;
				CLANG_WARN_UNREACHABLE_CODE = YES;
				CLANG_WARN__DUPLICATE_METHOD_MATCH = YES;
				COPY_PHASE_STRIP = NO;
				DEBUG_INFORMATION_FORMAT = dwarf;
				ENABLE_STRICT_OBJC_MSGSEND = YES;
				ENABLE_TESTABILITY = YES;
				GCC_C_LANGUAGE_STANDARD = gnu11;
				GCC_DYNAMIC_NO_PIC = NO;
				GCC_NO_COMMON_BLOCKS = YES;
				GCC_OPTIMIZATION_LEVEL = 0;
				GCC_PREPROCESSOR_DEFINITIONS = (
					"DEBUG=1",
					"$(inherited)",
				);
				GCC_WARN_64_TO_32_BIT_CONVERSION = YES;
				GCC_WARN_ABOUT_RETURN_TYPE = YES_ERROR;
				GCC_WARN_UNDECLARED_SELECTOR = YES;
				GCC_WARN_UNINITIALIZED_AUTOS = YES_AGGRESSIVE;
				GCC_WARN_UNUSED_FUNCTION = YES;
				GCC_WARN_UNUSED_VARIABLE = YES;
				IPHONEOS_DEPLOYMENT_TARGET = 15.2;
				MTL_ENABLE_DEBUG_INFO = INCLUDE_SOURCE;
				MTL_FAST_MATH = YES;
				ONLY_ACTIVE_ARCH = YES;
				SDKROOT = iphoneos;
				SWIFT_ACTIVE_COMPILATION_CONDITIONS = DEBUG;
				SWIFT_OPTIMIZATION_LEVEL = "-Onone";
			};
			name = Debug;
		};
		6DDD6DB027CA7BFF0049EEAF /* Release */ = {
			isa = XCBuildConfiguration;
			buildSettings = {
				ALWAYS_SEARCH_USER_PATHS = NO;
				CLANG_ANALYZER_NONNULL = YES;
				CLANG_ANALYZER_NUMBER_OBJECT_CONVERSION = YES_AGGRESSIVE;
				CLANG_CXX_LANGUAGE_STANDARD = "gnu++17";
				CLANG_CXX_LIBRARY = "libc++";
				CLANG_ENABLE_MODULES = YES;
				CLANG_ENABLE_OBJC_ARC = YES;
				CLANG_ENABLE_OBJC_WEAK = YES;
				CLANG_WARN_BLOCK_CAPTURE_AUTORELEASING = YES;
				CLANG_WARN_BOOL_CONVERSION = YES;
				CLANG_WARN_COMMA = YES;
				CLANG_WARN_CONSTANT_CONVERSION = YES;
				CLANG_WARN_DEPRECATED_OBJC_IMPLEMENTATIONS = YES;
				CLANG_WARN_DIRECT_OBJC_ISA_USAGE = YES_ERROR;
				CLANG_WARN_DOCUMENTATION_COMMENTS = YES;
				CLANG_WARN_EMPTY_BODY = YES;
				CLANG_WARN_ENUM_CONVERSION = YES;
				CLANG_WARN_INFINITE_RECURSION = YES;
				CLANG_WARN_INT_CONVERSION = YES;
				CLANG_WARN_NON_LITERAL_NULL_CONVERSION = YES;
				CLANG_WARN_OBJC_IMPLICIT_RETAIN_SELF = YES;
				CLANG_WARN_OBJC_LITERAL_CONVERSION = YES;
				CLANG_WARN_OBJC_ROOT_CLASS = YES_ERROR;
				CLANG_WARN_QUOTED_INCLUDE_IN_FRAMEWORK_HEADER = YES;
				CLANG_WARN_RANGE_LOOP_ANALYSIS = YES;
				CLANG_WARN_STRICT_PROTOTYPES = YES;
				CLANG_WARN_SUSPICIOUS_MOVE = YES;
				CLANG_WARN_UNGUARDED_AVAILABILITY = YES_AGGRESSIVE;
				CLANG_WARN_UNREACHABLE_CODE = YES;
				CLANG_WARN__DUPLICATE_METHOD_MATCH = YES;
				COPY_PHASE_STRIP = NO;
				DEBUG_INFORMATION_FORMAT = "dwarf-with-dsym";
				ENABLE_NS_ASSERTIONS = NO;
				ENABLE_STRICT_OBJC_MSGSEND = YES;
				GCC_C_LANGUAGE_STANDARD = gnu11;
				GCC_NO_COMMON_BLOCKS = YES;
				GCC_WARN_64_TO_32_BIT_CONVERSION = YES;
				GCC_WARN_ABOUT_RETURN_TYPE = YES_ERROR;
				GCC_WARN_UNDECLARED_SELECTOR = YES;
				GCC_WARN_UNINITIALIZED_AUTOS = YES_AGGRESSIVE;
				GCC_WARN_UNUSED_FUNCTION = YES;
				GCC_WARN_UNUSED_VARIABLE = YES;
				IPHONEOS_DEPLOYMENT_TARGET = 15.2;
				MTL_ENABLE_DEBUG_INFO = NO;
				MTL_FAST_MATH = YES;
				SDKROOT = iphoneos;
				SWIFT_COMPILATION_MODE = wholemodule;
				SWIFT_OPTIMIZATION_LEVEL = "-O";
				VALIDATE_PRODUCT = YES;
			};
			name = Release;
		};
		6DDD6DB227CA7BFF0049EEAF /* Debug */ = {
			isa = XCBuildConfiguration;
			buildSettings = {
				ASSETCATALOG_COMPILER_APPICON_NAME = AppIcon;
				ASSETCATALOG_COMPILER_GLOBAL_ACCENT_COLOR_NAME = AccentColor;
				CODE_SIGN_STYLE = Automatic;
				CURRENT_PROJECT_VERSION = 1;
				DEVELOPMENT_ASSET_PATHS = "\"Fructus/Preview Content\"";
				DEVELOPMENT_TEAM = NC2FN77AYA;
				ENABLE_PREVIEWS = YES;
				GENERATE_INFOPLIST_FILE = YES;
				INFOPLIST_KEY_UIApplicationSceneManifest_Generation = YES;
				INFOPLIST_KEY_UIApplicationSupportsIndirectInputEvents = YES;
				INFOPLIST_KEY_UILaunchScreen_Generation = YES;
				INFOPLIST_KEY_UISupportedInterfaceOrientations = UIInterfaceOrientationPortrait;
				INFOPLIST_KEY_UISupportedInterfaceOrientations_iPad = "UIInterfaceOrientationPortrait UIInterfaceOrientationPortraitUpsideDown UIInterfaceOrientationLandscapeLeft UIInterfaceOrientationLandscapeRight";
				INFOPLIST_KEY_UISupportedInterfaceOrientations_iPhone = UIInterfaceOrientationPortrait;
				LD_RUNPATH_SEARCH_PATHS = (
					"$(inherited)",
					"@executable_path/Frameworks",
				);
				MARKETING_VERSION = 1.0;
				PRODUCT_BUNDLE_IDENTIFIER = com.TheCodingMermaid.Fructus;
				PRODUCT_NAME = "$(TARGET_NAME)";
				SWIFT_EMIT_LOC_STRINGS = YES;
				SWIFT_VERSION = 5.0;
				TARGETED_DEVICE_FAMILY = "1,2";
			};
			name = Debug;
		};
		6DDD6DB327CA7BFF0049EEAF /* Release */ = {
			isa = XCBuildConfiguration;
			buildSettings = {
				ASSETCATALOG_COMPILER_APPICON_NAME = AppIcon;
				ASSETCATALOG_COMPILER_GLOBAL_ACCENT_COLOR_NAME = AccentColor;
				CODE_SIGN_STYLE = Automatic;
				CURRENT_PROJECT_VERSION = 1;
				DEVELOPMENT_ASSET_PATHS = "\"Fructus/Preview Content\"";
				DEVELOPMENT_TEAM = NC2FN77AYA;
				ENABLE_PREVIEWS = YES;
				GENERATE_INFOPLIST_FILE = YES;
				INFOPLIST_KEY_UIApplicationSceneManifest_Generation = YES;
				INFOPLIST_KEY_UIApplicationSupportsIndirectInputEvents = YES;
				INFOPLIST_KEY_UILaunchScreen_Generation = YES;
				INFOPLIST_KEY_UISupportedInterfaceOrientations = UIInterfaceOrientationPortrait;
				INFOPLIST_KEY_UISupportedInterfaceOrientations_iPad = "UIInterfaceOrientationPortrait UIInterfaceOrientationPortraitUpsideDown UIInterfaceOrientationLandscapeLeft UIInterfaceOrientationLandscapeRight";
				INFOPLIST_KEY_UISupportedInterfaceOrientations_iPhone = UIInterfaceOrientationPortrait;
				LD_RUNPATH_SEARCH_PATHS = (
					"$(inherited)",
					"@executable_path/Frameworks",
				);
				MARKETING_VERSION = 1.0;
				PRODUCT_BUNDLE_IDENTIFIER = com.TheCodingMermaid.Fructus;
				PRODUCT_NAME = "$(TARGET_NAME)";
				SWIFT_EMIT_LOC_STRINGS = YES;
				SWIFT_VERSION = 5.0;
				TARGETED_DEVICE_FAMILY = "1,2";
			};
			name = Release;
		};
/* End XCBuildConfiguration section */

/* Begin XCConfigurationList section */
		6DDD6D9E27CA7BFB0049EEAF /* Build configuration list for PBXProject "Fructus" */ = {
			isa = XCConfigurationList;
			buildConfigurations = (
				6DDD6DAF27CA7BFF0049EEAF /* Debug */,
				6DDD6DB027CA7BFF0049EEAF /* Release */,
			);
			defaultConfigurationIsVisible = 0;
			defaultConfigurationName = Release;
		};
		6DDD6DB127CA7BFF0049EEAF /* Build configuration list for PBXNativeTarget "Fructus" */ = {
			isa = XCConfigurationList;
			buildConfigurations = (
				6DDD6DB227CA7BFF0049EEAF /* Debug */,
				6DDD6DB327CA7BFF0049EEAF /* Release */,
			);
			defaultConfigurationIsVisible = 0;
			defaultConfigurationName = Release;
		};
/* End XCConfigurationList section */
	};
	rootObject = 6DDD6D9B27CA7BFB0049EEAF /* Project object */;
}
